github.com/dfirebaugh/msdf v0.0.1 h1:zd4O15sl1+MhWOpJD4Et4lJvw1wKlHhi9AlhOc0Ur5k=
github.com/dfirebaugh/msdf v0.0.1/go.mod h1:Zyoh9sXlKBcuQ5kFmP6pBHaUMwLJaBBXW4ZLlUCN7Yc=
github.com/ebitengine/purego v0.9.1 h1:a/k2f2HQU3Pi399RPW1MOaZyhKJL9w/xFpKAg4q1s0A=
github.com/ebitengine/purego v0.9.1/go.mod h1:iIjxzd6CiRiOG0UyXP+V1+jWqUXVjPKLAI0mRfJZTmQ=
github.com/go-gl/gl v0.0.0-20231021071112-07e5d0ea2e71 h1:5BVwOaUSBTlVZowGO6VZGw2H/zl9nrd3eCZfYV+NfQA=
github.com/go-gl/gl v0.0.0-20231021071112-07e5d0ea2e71/go.mod h1:9YTyiznxEY1fVinfM7RvRcjRHbw2xLBJ3AAGIT0I4Nw=
github.com/go-gl/glfw/v3.3/glfw v0.0.0-20250301202403-da16c1255728 h1:RkGhqHxEVAvPM0/R+8g7XRwQnHatO0KAuVcwHo8q9W8=
github.com/go-gl/glfw/v3.3/glfw v0.0.0-20250301202403-da16c1255728/go.mod h1:SyRD8YfuKk+ZXlDqYiqe1qMSqjNgtHzBTG810KUagMc=
github.com/golang/freetype v0.0.0-20170609003504-e2365dfdc4a0 h1:DACJavvAHhabrF08vX0COfcOBJRhZ8lUbR+ZWIs0Y5g=
github.com/golang/freetype v0.0.0-20170609003504-e2365dfdc4a0/go.mod h1:E/TSTwGwJL78qG/PmXZO1EjYhfJinVAhrmmHX6Z8B9k=
github.com/google/shlex v0.0.0-20191202100458-e7afc7fbc510 h1:El6M4kTTCOh6aBiKaUGG7oYTSPP8MxqL4YI3kZKwcP4=
github.com/google/shlex v0.0.0-20191202100458-e7afc7fbc510/go.mod h1:pupxD2MaaD3pAXIBCelhxNneeOaAeabZDe5s4K6zSpQ=
github.com/google/uuid v1.6.0 h1:NIvaJDMOsjHA8n1jAhLSgzrAzy1Hgr+hNrb57e+94F0=
github.com/google/uuid v1.6.0/go.mod h1:TIyPZe4MgqvfeYDBFedMoGGpEw/LqOeaOT+nhxU+yHo=
github.com/llgcode/draw2d v0.0.0-20260207101443-2bac6a2fac03 h1:9tLa/VSr4ADLXXaEB5g1g87HBDi+HIMvK96+RAYV5rw=
github.com/llgcode/draw2d v0.0.0-20260207101443-2bac6a2fac03/go.mod h1:1Vk0LDW6jG5cGc2D9RQUxHaE0vYhTvIwSo9mOL6K4/U=
github.com/rajveermalviya/go-webgpu/wgpu v0.17.1 h1:BlPsyVdDfTdDh50nZypBH5Qu+on03AJgiRs0Lt7TFaI=
github.com/rajveermalviya/go-webgpu/wgpu v0.17.1/go.mod h1:fr08XXRX3QNhQW6ylg9ihJl3NXFU0oMuqOglGpSgSJo=
github.com/udhos/gwob v1.0.0 h1:P9br9SLca7H5Hr/WuEcO9+ViUm+wlQnr4vxpPU6c6ww=
github.com/udhos/gwob v1.0.0/go.mod h1:xj4qGbkwL1sTPm1V17NfcIhkgG2rjfb8cUv9YIqE6DE=
golang.org/x/image v0.35.0 h1:LKjiHdgMtO8z7Fh18nGY6KDcoEtVfsgLDPeLyguqb7I=
golang.org/x/image v0.35.0/go.mod h1:MwPLTVgvxSASsxdLzKrl8BRFuyqMyGhLwmC+TO1Sybk=
golang.org/x/image v0.36.0 h1:Iknbfm1afbgtwPTmHnS2gTM/6PPZfH+z2EFuOkSbqwc=
golang.org/x/image v0.36.0/go.mod h1:YsWD2TyyGKiIX1kZlu9QfKIsQ4nAAK9bdgdrIsE7xy4=
tinygo.org/x/drivers v0.34.0 h1:lw8ePJeUSn9oICKBvQXHC9TIE+J00OfXfkGTrpXM9Iw=
tinygo.org/x/drivers v0.34.0/go.mod h1:ZdErNrApSABdVXjA1RejD67R8SNRI6RKVfYgQDZtKtk=
tinygo.org/x/tinydraw v0.4.0 h1:U9V0mHz8/jPShKjlh199vCfq1ARFyUOD1b+FfqIwV8c=
tinygo.org/x/tinydraw v0.4.0/go.mod h1:WCV/EMljTv8w04iAxjv+fRD6/4ffx0afATYeJlN90Yo=
tinygo.org/x/tinyfont v0.6.0 h1:GibXDSFz6xrWnEDkDRo6vsbOyRw0MVj/eza3zNHMSHs=
tinygo.org/x/tinyfont v0.6.0/go.mod h1:onflMSkpWl7r7j4MIqhPEVV39pn7yL4N3MOePl3G+G8=
